
Microsoft Visual Studio Solution File, Format Version 12.00
# Visual Studio 2012
Project("{2150E333-8FDC-42A3-9474-1A3956D46DE8}") = "Test", "Test", "{DEC211A8-60D0-422C-AF60-55EAB663B88C}"
EndProject
Project("{2150E333-8FDC-42A3-9474-1A3956D46DE8}") = "Client", "Client", "{4A0B7218-656D-4F58-84EA-441B3D2437CB}"
EndProject
Project("{2150E333-8FDC-42A3-9474-1A3956D46DE8}") = "Library", "Library", "{7AC9867B-3033-45DF-BAE8-44E7CEDF55AF}"
EndProject
Project("{FAE04EC0-301F-11D3-BF4B-00C04F79EFBC}") = "Vinco.Silverlight.Uploader", "src\Vinco.Silverlight.Uploader\Vinco.Silverlight.Uploader.csproj", "{20944518-DD64-4990-9636-643A736FD756}"
EndProject
Project("{FAE04EC0-301F-11D3-BF4B-00C04F79EFBC}") = "Vinco.Uploader", "src\Vinco.Uploader\Vinco.Uploader.csproj", "{092C3FC5-17F6-4E0D-A312-EAC4F399824E}"
EndProject
Project("{FAE04EC0-301F-11D3-BF4B-00C04F79EFBC}") = "Vinco.Uploader.Test", "src\Test\Vinco.Uploader.Test\Vinco.Uploader.Test.csproj", "{B50C94DC-64A6-4C68-9C2D-15AB2A33FAD8}"
EndProject
Project("{2150E333-8FDC-42A3-9474-1A3956D46DE8}") = ".nuget", ".nuget", "{D9CB887A-1B61-4B93-8EA6-0699F63BCFEA}"
	ProjectSection(SolutionItems) = preProject
		.nuget\packages.config = .nuget\packages.config
	EndProjectSection
EndProject
Project("{FAE04EC0-301F-11D3-BF4B-00C04F79EFBC}") = "Vinco.Uploader.Console.Test", "src\Test\Vinco.Uploader.Console.Test\Vinco.Uploader.Console.Test.csproj", "{DFB41024-FE45-4FD8-8E17-AB5E0043654C}"
EndProject
Project("{FAE04EC0-301F-11D3-BF4B-00C04F79EFBC}") = "UploaderWebSite", "src\UploaderWebSite\UploaderWebSite.csproj", "{5499B87F-002A-40E1-835D-41C002048591}"
EndProject
Global
	GlobalSection(SolutionConfigurationPlatforms) = preSolution
		Debug|Any CPU = Debug|Any CPU
		Debug|Mixed Platforms = Debug|Mixed Platforms
		Debug|x86 = Debug|x86
		Release|Any CPU = Release|Any CPU
		Release|Mixed Platforms = Release|Mixed Platforms
		Release|x86 = Release|x86
	EndGlobalSection
	GlobalSection(ProjectConfigurationPlatforms) = postSolution
		{20944518-DD64-4990-9636-643A736FD756}.Debug|Any CPU.ActiveCfg = Debug|Any CPU
		{20944518-DD64-4990-9636-643A736FD756}.Debug|Any CPU.Build.0 = Debug|Any CPU
		{20944518-DD64-4990-9636-643A736FD756}.Debug|Mixed Platforms.ActiveCfg = Debug|Any CPU
		{20944518-DD64-4990-9636-643A736FD756}.Debug|Mixed Platforms.Build.0 = Debug|Any CPU
		{20944518-DD64-4990-9636-643A736FD756}.Debug|x86.ActiveCfg = Debug|Any CPU
		{20944518-DD64-4990-9636-643A736FD756}.Release|Any CPU.ActiveCfg = Release|Any CPU
		{20944518-DD64-4990-9636-643A736FD756}.Release|Any CPU.Build.0 = Release|Any CPU
		{20944518-DD64-4990-9636-643A736FD756}.Release|Mixed Platforms.ActiveCfg = Release|Any CPU
		{20944518-DD64-4990-9636-643A736FD756}.Release|Mixed Platforms.Build.0 = Release|Any CPU
		{20944518-DD64-4990-9636-643A736FD756}.Release|x86.ActiveCfg = Release|Any CPU
		{092C3FC5-17F6-4E0D-A312-EAC4F399824E}.Debug|Any CPU.ActiveCfg = Debug|Any CPU
		{092C3FC5-17F6-4E0D-A312-EAC4F399824E}.Debug|Any CPU.Build.0 = Debug|Any CPU
		{092C3FC5-17F6-4E0D-A312-EAC4F399824E}.Debug|Mixed Platforms.ActiveCfg = Debug|Any CPU
		{092C3FC5-17F6-4E0D-A312-EAC4F399824E}.Debug|Mixed Platforms.Build.0 = Debug|Any CPU
		{092C3FC5-17F6-4E0D-A312-EAC4F399824E}.Debug|x86.ActiveCfg = Debug|Any CPU
		{092C3FC5-17F6-4E0D-A312-EAC4F399824E}.Release|Any CPU.ActiveCfg = Release|Any CPU
		{092C3FC5-17F6-4E0D-A312-EAC4F399824E}.Release|Any CPU.Build.0 = Release|Any CPU
		{092C3FC5-17F6-4E0D-A312-EAC4F399824E}.Release|Mixed Platforms.ActiveCfg = Release|Any CPU
		{092C3FC5-17F6-4E0D-A312-EAC4F399824E}.Release|Mixed Platforms.Build.0 = Release|Any CPU
		{092C3FC5-17F6-4E0D-A312-EAC4F399824E}.Release|x86.ActiveCfg = Release|Any CPU
		{B50C94DC-64A6-4C68-9C2D-15AB2A33FAD8}.Debug|Any CPU.ActiveCfg = Debug|Any CPU
		{B50C94DC-64A6-4C68-9C2D-15AB2A33FAD8}.Debug|Any CPU.Build.0 = Debug|Any CPU
		{B50C94DC-64A6-4C68-9C2D-15AB2A33FAD8}.Debug|Mixed Platforms.ActiveCfg = Debug|Any CPU
		{B50C94DC-64A6-4C68-9C2D-15AB2A33FAD8}.Debug|Mixed Platforms.Build.0 = Debug|Any CPU
		{B50C94DC-64A6-4C68-9C2D-15AB2A33FAD8}.Debug|x86.ActiveCfg = Debug|Any CPU
		{B50C94DC-64A6-4C68-9C2D-15AB2A33FAD8}.Release|Any CPU.ActiveCfg = Release|Any CPU
		{B50C94DC-64A6-4C68-9C2D-15AB2A33FAD8}.Release|Any CPU.Build.0 = Release|Any CPU
		{B50C94DC-64A6-4C68-9C2D-15AB2A33FAD8}.Release|Mixed Platforms.ActiveCfg = Release|Any CPU
		{B50C94DC-64A6-4C68-9C2D-15AB2A33FAD8}.Release|Mixed Platforms.Build.0 = Release|Any CPU
		{B50C94DC-64A6-4C68-9C2D-15AB2A33FAD8}.Release|x86.ActiveCfg = Release|Any CPU
		{DFB41024-FE45-4FD8-8E17-AB5E0043654C}.Debug|Any CPU.ActiveCfg = Debug|x86
		{DFB41024-FE45-4FD8-8E17-AB5E0043654C}.Debug|Mixed Platforms.ActiveCfg = Debug|x86
		{DFB41024-FE45-4FD8-8E17-AB5E0043654C}.Debug|Mixed Platforms.Build.0 = Debug|x86
		{DFB41024-FE45-4FD8-8E17-AB5E0043654C}.Debug|x86.ActiveCfg = Debug|x86
		{DFB41024-FE45-4FD8-8E17-AB5E0043654C}.Debug|x86.Build.0 = Debug|x86
		{DFB41024-FE45-4FD8-8E17-AB5E0043654C}.Release|Any CPU.ActiveCfg = Release|x86
		{DFB41024-FE45-4FD8-8E17-AB5E0043654C}.Release|Mixed Platforms.ActiveCfg = Release|x86
		{DFB41024-FE45-4FD8-8E17-AB5E0043654C}.Release|Mixed Platforms.Build.0 = Release|x86
		{DFB41024-FE45-4FD8-8E17-AB5E0043654C}.Release|x86.ActiveCfg = Release|x86
		{DFB41024-FE45-4FD8-8E17-AB5E0043654C}.Release|x86.Build.0 = Release|x86
		{5499B87F-002A-40E1-835D-41C002048591}.Debug|Any CPU.ActiveCfg = Debug|Any CPU
		{5499B87F-002A-40E1-835D-41C002048591}.Debug|Any CPU.Build.0 = Debug|Any CPU
		{5499B87F-002A-40E1-835D-41C002048591}.Debug|Mixed Platforms.ActiveCfg = Debug|Any CPU
		{5499B87F-002A-40E1-835D-41C002048591}.Debug|Mixed Platforms.Build.0 = Debug|Any CPU
		{5499B87F-002A-40E1-835D-41C002048591}.Debug|x86.ActiveCfg = Debug|Any CPU
		{5499B87F-002A-40E1-835D-41C002048591}.Release|Any CPU.ActiveCfg = Release|Any CPU
		{5499B87F-002A-40E1-835D-41C002048591}.Release|Any CPU.Build.0 = Release|Any CPU
		{5499B87F-002A-40E1-835D-41C002048591}.Release|Mixed Platforms.ActiveCfg = Release|Any CPU
		{5499B87F-002A-40E1-835D-41C002048591}.Release|Mixed Platforms.Build.0 = Release|Any CPU
		{5499B87F-002A-40E1-835D-41C002048591}.Release|x86.ActiveCfg = Release|Any CPU
	EndGlobalSection
	GlobalSection(SolutionProperties) = preSolution
		HideSolutionNode = FALSE
	EndGlobalSection
	GlobalSection(NestedProjects) = preSolution
		{B50C94DC-64A6-4C68-9C2D-15AB2A33FAD8} = {DEC211A8-60D0-422C-AF60-55EAB663B88C}
		{DFB41024-FE45-4FD8-8E17-AB5E0043654C} = {DEC211A8-60D0-422C-AF60-55EAB663B88C}
		{20944518-DD64-4990-9636-643A736FD756} = {4A0B7218-656D-4F58-84EA-441B3D2437CB}
		{5499B87F-002A-40E1-835D-41C002048591} = {4A0B7218-656D-4F58-84EA-441B3D2437CB}
		{092C3FC5-17F6-4E0D-A312-EAC4F399824E} = {7AC9867B-3033-45DF-BAE8-44E7CEDF55AF}
	EndGlobalSection
EndGlobal
